// !$*UTF8*$!
{
	archiveVersion = 1;
	classes = {
	};
	objectVersion = 46;
	objects = {

/* Begin PBXAggregateTarget section */
		BF7AF34B14BEF53600B08CA3 /* Distribute */ = {
			isa = PBXAggregateTarget;
			buildConfigurationList = BF7AF34C14BEF53600B08CA3 /* Build configuration list for PBXAggregateTarget "Distribute" */;
			buildPhases = (
				BF7AF35114BEF54600B08CA3 /* ShellScript */,
			);
			dependencies = (
				BF7AF35014BEF53F00B08CA3 /* PBXTargetDependency */,
			);
			name = Distribute;
			productName = Distribute;
		};
/* End PBXAggregateTarget section */

/* Begin PBXBuildFile section */
		BF00A89B175867F000D2E427 /* ApplicationServices.framework in Frameworks */ = {isa = PBXBuildFile; fileRef = BF00A89A175867F000D2E427 /* ApplicationServices.framework */; };
		BF02E33C14BFD67A00C09C9D /* XMDS.terminal in Resources */ = {isa = PBXBuildFile; fileRef = BF02E33B14BFD67A00C09C9D /* XMDS.terminal */; };
		BF46540614C3C14A002630C7 /* release-notes.html in Resources */ = {isa = PBXBuildFile; fileRef = BF46540514C3C14A002630C7 /* release-notes.html */; };
		BF46540B14C3C47D002630C7 /* github.css in Copy CSS */ = {isa = PBXBuildFile; fileRef = BF46540814C3C164002630C7 /* github.css */; };
		BF46540D14C3C551002630C7 /* ReleaseNotes.xib in Resources */ = {isa = PBXBuildFile; fileRef = BF46540C14C3C551002630C7 /* ReleaseNotes.xib */; };
		BF46541014C3CDFD002630C7 /* XMDSReleaseNotesWindowController.m in Sources */ = {isa = PBXBuildFile; fileRef = BF46540F14C3CDFD002630C7 /* XMDSReleaseNotesWindowController.m */; };
		BF46541214C3CE87002630C7 /* WebKit.framework in Frameworks */ = {isa = PBXBuildFile; fileRef = BF46541114C3CE87002630C7 /* WebKit.framework */; };
		BF6BE622151B428900BFED21 /* Credits.html in Resources */ = {isa = PBXBuildFile; fileRef = BF6BE620151B428900BFED21 /* Credits.html */; };
		BF74AE6E14F2151800992600 /* bash_profile in Resources */ = {isa = PBXBuildFile; fileRef = BF74AE6D14F2151800992600 /* bash_profile */; };
		BF7AF2C014BC308B00B08CA3 /* Cocoa.framework in Frameworks */ = {isa = PBXBuildFile; fileRef = BF7AF2BF14BC308B00B08CA3 /* Cocoa.framework */; };
		BF7AF2CA14BC308B00B08CA3 /* InfoPlist.strings in Resources */ = {isa = PBXBuildFile; fileRef = BF7AF2C814BC308B00B08CA3 /* InfoPlist.strings */; };
		BF7AF2CC14BC308B00B08CA3 /* main.m in Sources */ = {isa = PBXBuildFile; fileRef = BF7AF2CB14BC308B00B08CA3 /* main.m */; };
		BF7AF2D314BC308B00B08CA3 /* XMDSAppDelegate.m in Sources */ = {isa = PBXBuildFile; fileRef = BF7AF2D214BC308B00B08CA3 /* XMDSAppDelegate.m */; };
		BF7AF2D614BC308B00B08CA3 /* MainMenu.xib in Resources */ = {isa = PBXBuildFile; fileRef = BF7AF2D414BC308B00B08CA3 /* MainMenu.xib */; };
		BF7AF30414BED96C00B08CA3 /* Sparkle.framework in Frameworks */ = {isa = PBXBuildFile; fileRef = BF7AF2FA14BED70E00B08CA3 /* Sparkle.framework */; };
		BF7AF30614BEDFAF00B08CA3 /* xmds_pub.pem in Resources */ = {isa = PBXBuildFile; fileRef = BF7AF30514BEDFAF00B08CA3 /* xmds_pub.pem */; };
		BF810E0F14C11EAF0092F337 /* DevelopmentVersionUpdateWindow.xib in Resources */ = {isa = PBXBuildFile; fileRef = BF810E0E14C11EAF0092F337 /* DevelopmentVersionUpdateWindow.xib */; };
		BF810E1214C12D670092F337 /* XMDSUpdateWindowController.m in Sources */ = {isa = PBXBuildFile; fileRef = BF810E1114C12D670092F337 /* XMDSUpdateWindowController.m */; };
		BF810E1414C157AB0092F337 /* xpdeint_logo.pdf in Resources */ = {isa = PBXBuildFile; fileRef = BF810E1314C157AB0092F337 /* xpdeint_logo.pdf */; };
		BF810E1614C2542F0092F337 /* xmds.icns in Resources */ = {isa = PBXBuildFile; fileRef = BF810E1514C2542F0092F337 /* xmds.icns */; };
		BFE55A0514BFF18B00F840CF /* Sparkle.framework in Copy Sparkle Framework */ = {isa = PBXBuildFile; fileRef = BF7AF2FA14BED70E00B08CA3 /* Sparkle.framework */; };
/* End PBXBuildFile section */

/* Begin PBXContainerItemProxy section */
		BF7AF2F914BED70E00B08CA3 /* PBXContainerItemProxy */ = {
			isa = PBXContainerItemProxy;
			containerPortal = BF7AF2EB14BED70D00B08CA3 /* Sparkle.xcodeproj */;
			proxyType = 2;
			remoteGlobalIDString = 8DC2EF5B0486A6940098B216;
			remoteInfo = Sparkle;
		};
		BF7AF2FB14BED70E00B08CA3 /* PBXContainerItemProxy */ = {
			isa = PBXContainerItemProxy;
			containerPortal = BF7AF2EB14BED70D00B08CA3 /* Sparkle.xcodeproj */;
			proxyType = 2;
			remoteGlobalIDString = 61B5F90209C4CEE200B25A18;
			remoteInfo = "Sparkle Test App";
		};
		BF7AF2FD14BED70E00B08CA3 /* PBXContainerItemProxy */ = {
			isa = PBXContainerItemProxy;
			containerPortal = BF7AF2EB14BED70D00B08CA3 /* Sparkle.xcodeproj */;
			proxyType = 2;
			remoteGlobalIDString = 612279D90DB5470200AB99EA;
			remoteInfo = "Sparkle Unit Tests";
		};
		BF7AF2FF14BED70E00B08CA3 /* PBXContainerItemProxy */ = {
			isa = PBXContainerItemProxy;
			containerPortal = BF7AF2EB14BED70D00B08CA3 /* Sparkle.xcodeproj */;
			proxyType = 2;
			remoteGlobalIDString = 5D06E8D00FD68C7C005AE3F6;
			remoteInfo = BinaryDelta;
		};
		BF7AF30114BED70E00B08CA3 /* PBXContainerItemProxy */ = {
			isa = PBXContainerItemProxy;
			containerPortal = BF7AF2EB14BED70D00B08CA3 /* Sparkle.xcodeproj */;
			proxyType = 2;
			remoteGlobalIDString = 55C14BB7136EEF1500649790;
			remoteInfo = finish_installation;
		};
		BF7AF34F14BEF53F00B08CA3 /* PBXContainerItemProxy */ = {
			isa = PBXContainerItemProxy;
			containerPortal = BF7AF2B214BC308B00B08CA3 /* Project object */;
			proxyType = 1;
			remoteGlobalIDString = BF7AF2BA14BC308B00B08CA3;
			remoteInfo = XMDS;
		};
		BFE55A0214BFF15000F840CF /* PBXContainerItemProxy */ = {
			isa = PBXContainerItemProxy;
			containerPortal = BF7AF2EB14BED70D00B08CA3 /* Sparkle.xcodeproj */;
			proxyType = 1;
			remoteGlobalIDString = 8DC2EF4F0486A6940098B216;
			remoteInfo = Sparkle;
		};
/* End PBXContainerItemProxy section */

/* Begin PBXCopyFilesBuildPhase section */
		BF46540A14C3C470002630C7 /* Copy CSS */ = {
			isa = PBXCopyFilesBuildPhase;
			buildActionMask = 2147483647;
			dstPath = css;
			dstSubfolderSpec = 7;
			files = (
				BF46540B14C3C47D002630C7 /* github.css in Copy CSS */,
			);
			name = "Copy CSS";
			runOnlyForDeploymentPostprocessing = 0;
		};
		BFE55A0414BFF17E00F840CF /* Copy Sparkle Framework */ = {
			isa = PBXCopyFilesBuildPhase;
			buildActionMask = 2147483647;
			dstPath = "";
			dstSubfolderSpec = 10;
			files = (
				BFE55A0514BFF18B00F840CF /* Sparkle.framework in Copy Sparkle Framework */,
			);
			name = "Copy Sparkle Framework";
			runOnlyForDeploymentPostprocessing = 0;
		};
/* End PBXCopyFilesBuildPhase section */

/* Begin PBXFileReference section */
		BF00A89A175867F000D2E427 /* ApplicationServices.framework */ = {isa = PBXFileReference; lastKnownFileType = wrapper.framework; name = ApplicationServices.framework; path = System/Library/Frameworks/ApplicationServices.framework; sourceTree = SDKROOT; };
		BF02E33B14BFD67A00C09C9D /* XMDS.terminal */ = {isa = PBXFileReference; fileEncoding = 4; lastKnownFileType = text.xml; path = XMDS.terminal; sourceTree = "<group>"; };
		BF46540514C3C14A002630C7 /* release-notes.html */ = {isa = PBXFileReference; fileEncoding = 4; lastKnownFileType = text.html; path = "release-notes.html"; sourceTree = "<group>"; };
		BF46540814C3C164002630C7 /* github.css */ = {isa = PBXFileReference; fileEncoding = 4; lastKnownFileType = text.css; path = github.css; sourceTree = "<group>"; };
		BF46540C14C3C551002630C7 /* ReleaseNotes.xib */ = {isa = PBXFileReference; fileEncoding = 4; lastKnownFileType = file.xib; path = ReleaseNotes.xib; sourceTree = "<group>"; };
		BF46540E14C3CDFD002630C7 /* XMDSReleaseNotesWindowController.h */ = {isa = PBXFileReference; fileEncoding = 4; lastKnownFileType = sourcecode.c.h; path = XMDSReleaseNotesWindowController.h; sourceTree = "<group>"; };
		BF46540F14C3CDFD002630C7 /* XMDSReleaseNotesWindowController.m */ = {isa = PBXFileReference; fileEncoding = 4; lastKnownFileType = sourcecode.c.objc; path = XMDSReleaseNotesWindowController.m; sourceTree = "<group>"; };
		BF46541114C3CE87002630C7 /* WebKit.framework */ = {isa = PBXFileReference; lastKnownFileType = wrapper.framework; name = WebKit.framework; path = System/Library/Frameworks/WebKit.framework; sourceTree = SDKROOT; };
		BF6BE621151B428900BFED21 /* en */ = {isa = PBXFileReference; lastKnownFileType = text.html; name = en; path = en.lproj/Credits.html; sourceTree = "<group>"; };
		BF74AE6D14F2151800992600 /* bash_profile */ = {isa = PBXFileReference; fileEncoding = 4; lastKnownFileType = text; path = bash_profile; sourceTree = "<group>"; };
		BF7AF2BB14BC308B00B08CA3 /* XMDS.app */ = {isa = PBXFileReference; explicitFileType = wrapper.application; includeInIndex = 0; path = XMDS.app; sourceTree = BUILT_PRODUCTS_DIR; };
		BF7AF2BF14BC308B00B08CA3 /* Cocoa.framework */ = {isa = PBXFileReference; lastKnownFileType = wrapper.framework; name = Cocoa.framework; path = System/Library/Frameworks/Cocoa.framework; sourceTree = SDKROOT; };
		BF7AF2C214BC308B00B08CA3 /* AppKit.framework */ = {isa = PBXFileReference; lastKnownFileType = wrapper.framework; name = AppKit.framework; path = System/Library/Frameworks/AppKit.framework; sourceTree = SDKROOT; };
		BF7AF2C314BC308B00B08CA3 /* CoreData.framework */ = {isa = PBXFileReference; lastKnownFileType = wrapper.framework; name = CoreData.framework; path = System/Library/Frameworks/CoreData.framework; sourceTree = SDKROOT; };
		BF7AF2C414BC308B00B08CA3 /* Foundation.framework */ = {isa = PBXFileReference; lastKnownFileType = wrapper.framework; name = Foundation.framework; path = System/Library/Frameworks/Foundation.framework; sourceTree = SDKROOT; };
		BF7AF2C714BC308B00B08CA3 /* XMDS-Info.plist */ = {isa = PBXFileReference; lastKnownFileType = text.plist.xml; path = "XMDS-Info.plist"; sourceTree = "<group>"; };
		BF7AF2C914BC308B00B08CA3 /* en */ = {isa = PBXFileReference; lastKnownFileType = text.plist.strings; name = en; path = en.lproj/InfoPlist.strings; sourceTree = "<group>"; };
		BF7AF2CB14BC308B00B08CA3 /* main.m */ = {isa = PBXFileReference; lastKnownFileType = sourcecode.c.objc; path = main.m; sourceTree = "<group>"; };
		BF7AF2CD14BC308B00B08CA3 /* XMDS-Prefix.pch */ = {isa = PBXFileReference; lastKnownFileType = sourcecode.c.h; path = "XMDS-Prefix.pch"; sourceTree = "<group>"; };
		BF7AF2D114BC308B00B08CA3 /* XMDSAppDelegate.h */ = {isa = PBXFileReference; lastKnownFileType = sourcecode.c.h; path = XMDSAppDelegate.h; sourceTree = "<group>"; };
		BF7AF2D214BC308B00B08CA3 /* XMDSAppDelegate.m */ = {isa = PBXFileReference; lastKnownFileType = sourcecode.c.objc; path = XMDSAppDelegate.m; sourceTree = "<group>"; };
		BF7AF2D514BC308B00B08CA3 /* en */ = {isa = PBXFileReference; lastKnownFileType = file.xib; name = en; path = en.lproj/MainMenu.xib; sourceTree = "<group>"; };
		BF7AF2EB14BED70D00B08CA3 /* Sparkle.xcodeproj */ = {isa = PBXFileReference; lastKnownFileType = "wrapper.pb-project"; name = Sparkle.xcodeproj; path = Vendor/Sparkle/Sparkle.xcodeproj; sourceTree = "<group>"; };
		BF7AF30514BEDFAF00B08CA3 /* xmds_pub.pem */ = {isa = PBXFileReference; fileEncoding = 4; lastKnownFileType = text; path = xmds_pub.pem; sourceTree = "<group>"; };
		BF810E0E14C11EAF0092F337 /* DevelopmentVersionUpdateWindow.xib */ = {isa = PBXFileReference; fileEncoding = 4; lastKnownFileType = file.xib; path = DevelopmentVersionUpdateWindow.xib; sourceTree = "<group>"; };
		BF810E1014C12D670092F337 /* XMDSUpdateWindowController.h */ = {isa = PBXFileReference; fileEncoding = 4; lastKnownFileType = sourcecode.c.h; path = XMDSUpdateWindowController.h; sourceTree = "<group>"; };
		BF810E1114C12D670092F337 /* XMDSUpdateWindowController.m */ = {isa = PBXFileReference; fileEncoding = 4; lastKnownFileType = sourcecode.c.objc; path = XMDSUpdateWindowController.m; sourceTree = "<group>"; };
		BF810E1314C157AB0092F337 /* xpdeint_logo.pdf */ = {isa = PBXFileReference; lastKnownFileType = image.pdf; path = xpdeint_logo.pdf; sourceTree = "<group>"; };
		BF810E1514C2542F0092F337 /* xmds.icns */ = {isa = PBXFileReference; lastKnownFileType = image.icns; path = xmds.icns; sourceTree = "<group>"; };
/* End PBXFileReference section */

/* Begin PBXFrameworksBuildPhase section */
		BF7AF2B814BC308B00B08CA3 /* Frameworks */ = {
			isa = PBXFrameworksBuildPhase;
			buildActionMask = 2147483647;
			files = (
				BF00A89B175867F000D2E427 /* ApplicationServices.framework in Frameworks */,
				BF46541214C3CE87002630C7 /* WebKit.framework in Frameworks */,
				BF7AF30414BED96C00B08CA3 /* Sparkle.framework in Frameworks */,
				BF7AF2C014BC308B00B08CA3 /* Cocoa.framework in Frameworks */,
			);
			runOnlyForDeploymentPostprocessing = 0;
		};
/* End PBXFrameworksBuildPhase section */

/* Begin PBXGroup section */
		BF7AF2B014BC308B00B08CA3 = {
			isa = PBXGroup;
			children = (
				BF00A89A175867F000D2E427 /* ApplicationServices.framework */,
				BF7AF2EB14BED70D00B08CA3 /* Sparkle.xcodeproj */,
				BF7AF2C514BC308B00B08CA3 /* XMDS */,
				BF7AF2BE14BC308B00B08CA3 /* Frameworks */,
				BF7AF2BC14BC308B00B08CA3 /* Products */,
			);
			sourceTree = "<group>";
		};
		BF7AF2BC14BC308B00B08CA3 /* Products */ = {
			isa = PBXGroup;
			children = (
				BF7AF2BB14BC308B00B08CA3 /* XMDS.app */,
			);
			name = Products;
			sourceTree = "<group>";
		};
		BF7AF2BE14BC308B00B08CA3 /* Frameworks */ = {
			isa = PBXGroup;
			children = (
				BF46541114C3CE87002630C7 /* WebKit.framework */,
				BF7AF2BF14BC308B00B08CA3 /* Cocoa.framework */,
				BF7AF2C114BC308B00B08CA3 /* Other Frameworks */,
			);
			name = Frameworks;
			sourceTree = "<group>";
		};
		BF7AF2C114BC308B00B08CA3 /* Other Frameworks */ = {
			isa = PBXGroup;
			children = (
				BF7AF2C214BC308B00B08CA3 /* AppKit.framework */,
				BF7AF2C314BC308B00B08CA3 /* CoreData.framework */,
				BF7AF2C414BC308B00B08CA3 /* Foundation.framework */,
			);
			name = "Other Frameworks";
			sourceTree = "<group>";
		};
		BF7AF2C514BC308B00B08CA3 /* XMDS */ = {
			isa = PBXGroup;
			children = (
				BF7AF2D114BC308B00B08CA3 /* XMDSAppDelegate.h */,
				BF7AF2D214BC308B00B08CA3 /* XMDSAppDelegate.m */,
				BF810E1014C12D670092F337 /* XMDSUpdateWindowController.h */,
				BF810E1114C12D670092F337 /* XMDSUpdateWindowController.m */,
				BF46540E14C3CDFD002630C7 /* XMDSReleaseNotesWindowController.h */,
				BF46540F14C3CDFD002630C7 /* XMDSReleaseNotesWindowController.m */,
				BF810E0E14C11EAF0092F337 /* DevelopmentVersionUpdateWindow.xib */,
				BF7AF2D414BC308B00B08CA3 /* MainMenu.xib */,
				BF46540C14C3C551002630C7 /* ReleaseNotes.xib */,
				BF7AF2C614BC308B00B08CA3 /* Supporting Files */,
			);
			path = XMDS;
			sourceTree = "<group>";
		};
		BF7AF2C614BC308B00B08CA3 /* Supporting Files */ = {
			isa = PBXGroup;
			children = (
				BF6BE620151B428900BFED21 /* Credits.html */,
				BF74AE6D14F2151800992600 /* bash_profile */,
				BF810E1514C2542F0092F337 /* xmds.icns */,
				BF810E1314C157AB0092F337 /* xpdeint_logo.pdf */,
				BF02E33B14BFD67A00C09C9D /* XMDS.terminal */,
				BF7AF30514BEDFAF00B08CA3 /* xmds_pub.pem */,
				BF7AF2C714BC308B00B08CA3 /* XMDS-Info.plist */,
				BF7AF2C814BC308B00B08CA3 /* InfoPlist.strings */,
				BF7AF2CB14BC308B00B08CA3 /* main.m */,
				BF7AF2CD14BC308B00B08CA3 /* XMDS-Prefix.pch */,
				BF46540814C3C164002630C7 /* github.css */,
				BF46540514C3C14A002630C7 /* release-notes.html */,
			);
			name = "Supporting Files";
			sourceTree = "<group>";
		};
		BF7AF2EC14BED70D00B08CA3 /* Products */ = {
			isa = PBXGroup;
			children = (
				BF7AF2FA14BED70E00B08CA3 /* Sparkle.framework */,
				BF7AF2FC14BED70E00B08CA3 /* Sparkle Test App.app */,
				BF7AF2FE14BED70E00B08CA3 /* Sparkle Unit Tests.octest */,
				BF7AF30014BED70E00B08CA3 /* BinaryDelta */,
				BF7AF30214BED70E00B08CA3 /* finish_installation.app */,
			);
			name = Products;
			sourceTree = "<group>";
		};
/* End PBXGroup section */

/* Begin PBXNativeTarget section */
		BF7AF2BA14BC308B00B08CA3 /* XMDS */ = {
			isa = PBXNativeTarget;
			buildConfigurationList = BF7AF2D914BC308B00B08CA3 /* Build configuration list for PBXNativeTarget "XMDS" */;
			buildPhases = (
				BF7AF2B714BC308B00B08CA3 /* Sources */,
				BF7AF2B814BC308B00B08CA3 /* Frameworks */,
				BFE55A0414BFF17E00F840CF /* Copy Sparkle Framework */,
				BF7AF2B914BC308B00B08CA3 /* Resources */,
				BF46541414C3E9E4002630C7 /* Generate Release Notes */,
				BF46540A14C3C470002630C7 /* Copy CSS */,
				BF7AF34A14BEE53900B08CA3 /* Update Version Numbers */,
				BF7AF2E114BC36B900B08CA3 /* Copy / Link usr Directory */,
			);
			buildRules = (
			);
			dependencies = (
				BFE55A0314BFF15000F840CF /* PBXTargetDependency */,
			);
			name = XMDS;
			productName = XMDS;
			productReference = BF7AF2BB14BC308B00B08CA3 /* XMDS.app */;
			productType = "com.apple.product-type.application";
		};
/* End PBXNativeTarget section */

/* Begin PBXProject section */
		BF7AF2B214BC308B00B08CA3 /* Project object */ = {
			isa = PBXProject;
			attributes = {
				LastUpgradeCheck = 0450;
				ORGANIZATIONNAME = "Australian National University";
			};
			buildConfigurationList = BF7AF2B514BC308B00B08CA3 /* Build configuration list for PBXProject "XMDS" */;
			compatibilityVersion = "Xcode 3.2";
			developmentRegion = English;
			hasScannedForEncodings = 0;
			knownRegions = (
				en,
			);
			mainGroup = BF7AF2B014BC308B00B08CA3;
			productRefGroup = BF7AF2BC14BC308B00B08CA3 /* Products */;
			projectDirPath = "";
			projectReferences = (
				{
					ProductGroup = BF7AF2EC14BED70D00B08CA3 /* Products */;
					ProjectRef = BF7AF2EB14BED70D00B08CA3 /* Sparkle.xcodeproj */;
				},
			);
			projectRoot = "";
			targets = (
				BF7AF2BA14BC308B00B08CA3 /* XMDS */,
				BF7AF34B14BEF53600B08CA3 /* Distribute */,
			);
		};
/* End PBXProject section */

/* Begin PBXReferenceProxy section */
		BF7AF2FA14BED70E00B08CA3 /* Sparkle.framework */ = {
			isa = PBXReferenceProxy;
			fileType = wrapper.framework;
			path = Sparkle.framework;
			remoteRef = BF7AF2F914BED70E00B08CA3 /* PBXContainerItemProxy */;
			sourceTree = BUILT_PRODUCTS_DIR;
		};
		BF7AF2FC14BED70E00B08CA3 /* Sparkle Test App.app */ = {
			isa = PBXReferenceProxy;
			fileType = wrapper.application;
			path = "Sparkle Test App.app";
			remoteRef = BF7AF2FB14BED70E00B08CA3 /* PBXContainerItemProxy */;
			sourceTree = BUILT_PRODUCTS_DIR;
		};
		BF7AF2FE14BED70E00B08CA3 /* Sparkle Unit Tests.octest */ = {
			isa = PBXReferenceProxy;
			fileType = wrapper.cfbundle;
			path = "Sparkle Unit Tests.octest";
			remoteRef = BF7AF2FD14BED70E00B08CA3 /* PBXContainerItemProxy */;
			sourceTree = BUILT_PRODUCTS_DIR;
		};
		BF7AF30014BED70E00B08CA3 /* BinaryDelta */ = {
			isa = PBXReferenceProxy;
			fileType = "compiled.mach-o.executable";
			path = BinaryDelta;
			remoteRef = BF7AF2FF14BED70E00B08CA3 /* PBXContainerItemProxy */;
			sourceTree = BUILT_PRODUCTS_DIR;
		};
		BF7AF30214BED70E00B08CA3 /* finish_installation.app */ = {
			isa = PBXReferenceProxy;
			fileType = wrapper.application;
			path = finish_installation.app;
			remoteRef = BF7AF30114BED70E00B08CA3 /* PBXContainerItemProxy */;
			sourceTree = BUILT_PRODUCTS_DIR;
		};
/* End PBXReferenceProxy section */

/* Begin PBXResourcesBuildPhase section */
		BF7AF2B914BC308B00B08CA3 /* Resources */ = {
			isa = PBXResourcesBuildPhase;
			buildActionMask = 2147483647;
			files = (
				BF7AF2CA14BC308B00B08CA3 /* InfoPlist.strings in Resources */,
				BF7AF2D614BC308B00B08CA3 /* MainMenu.xib in Resources */,
				BF7AF30614BEDFAF00B08CA3 /* xmds_pub.pem in Resources */,
				BF02E33C14BFD67A00C09C9D /* XMDS.terminal in Resources */,
				BF810E0F14C11EAF0092F337 /* DevelopmentVersionUpdateWindow.xib in Resources */,
				BF810E1414C157AB0092F337 /* xpdeint_logo.pdf in Resources */,
				BF810E1614C2542F0092F337 /* xmds.icns in Resources */,
				BF46540614C3C14A002630C7 /* release-notes.html in Resources */,
				BF46540D14C3C551002630C7 /* ReleaseNotes.xib in Resources */,
				BF74AE6E14F2151800992600 /* bash_profile in Resources */,
				BF6BE622151B428900BFED21 /* Credits.html in Resources */,
			);
			runOnlyForDeploymentPostprocessing = 0;
		};
/* End PBXResourcesBuildPhase section */

/* Begin PBXShellScriptBuildPhase section */
		BF46541414C3E9E4002630C7 /* Generate Release Notes */ = {
			isa = PBXShellScriptBuildPhase;
			buildActionMask = 2147483647;
			files = (
			);
			inputPaths = (
				"$(SRCROOT)/release-notes.md",
			);
			name = "Generate Release Notes";
			outputPaths = (
				"$(SRCROOT)/appcast/release-notes.html",
			);
			runOnlyForDeploymentPostprocessing = 0;
			shellPath = /bin/bash;
			shellScript = "set -o errexit\n\n/opt/local/bin/multimarkdown -o ${SRCROOT}/appcast/release-notes.html ${SRCROOT}/release-notes.md\n\ncp ${SRCROOT}/appcast/release-notes.html ${BUILT_PRODUCTS_DIR}/${FULL_PRODUCT_NAME}/Contents/Resources/";
			showEnvVarsInLog = 0;
		};
		BF7AF2E114BC36B900B08CA3 /* Copy / Link usr Directory */ = {
			isa = PBXShellScriptBuildPhase;
			buildActionMask = 2147483647;
			files = (
			);
			inputPaths = (
			);
			name = "Copy / Link usr Directory";
			outputPaths = (
			);
			runOnlyForDeploymentPostprocessing = 0;
			shellPath = /bin/bash;
			shellScript = "set -o errexit\n\nXMDS_DEPENDENCIES_SRC=\"${SRCROOT}/BuildScripts/output/\"\nXMDS_DEPENDENCIES_DEST=\"${BUILT_PRODUCTS_DIR}/${FULL_PRODUCT_NAME}/Contents/usr\"\n\nif [ -d \"${XMDS_DEPENDENCIES_DEST}\" ]; then\n    rm -rf \"${XMDS_DEPENDENCIES_DEST}\";\nfi\n\nif [ ${CONFIGURATION} == \"Debug\" ]; then\n    ln -fs ${XMDS_DEPENDENCIES_SRC} ${XMDS_DEPENDENCIES_DEST}\nelse\n    mkdir \"${XMDS_DEPENDENCIES_DEST}\";\n    cp -r ${XMDS_DEPENDENCIES_SRC} ${XMDS_DEPENDENCIES_DEST}\nfi";
			showEnvVarsInLog = 0;
		};
		BF7AF34A14BEE53900B08CA3 /* Update Version Numbers */ = {
			isa = PBXShellScriptBuildPhase;
			buildActionMask = 2147483647;
			files = (
			);
			inputPaths = (
			);
			name = "Update Version Numbers";
			outputPaths = (
			);
			runOnlyForDeploymentPostprocessing = 0;
			shellPath = /bin/sh;
			shellScript = "set -o errexit\n\nPLISTBUDDY=\"/usr/libexec/PlistBuddy\"\n\ncd ${SRCROOT}\nBUILD=`git log --pretty=format:'' | wc -l`\n#BUILD=`./buildNumber.rb -d ../ | awk '{print $1}'`\n$PLISTBUDDY ${BUILT_PRODUCTS_DIR}/${FULL_PRODUCT_NAME}/Contents/Info.plist -c \"Set :CFBundleVersion $BUILD\"\n\nSHORTVERSION_NAME=`git describe --tags --always`\n$PLISTBUDDY ${BUILT_PRODUCTS_DIR}/${FULL_PRODUCT_NAME}/Contents/Info.plist -c \"Set :CFBundleShortVersionString $SHORTVERSION_NAME\"\n";
			showEnvVarsInLog = 0;
		};
		BF7AF35114BEF54600B08CA3 /* ShellScript */ = {
			isa = PBXShellScriptBuildPhase;
			buildActionMask = 2147483647;
			files = (
			);
			inputPaths = (
			);
			outputPaths = (
			);
			runOnlyForDeploymentPostprocessing = 0;
			shellPath = /bin/bash;
			shellScript = "set -o errexit\n\n[ $CONFIGURATION = Release ] || { echo Distribution target requires \"'Release'\" build style; false; }\n\nVERSION=$(defaults read \"$BUILT_PRODUCTS_DIR/$PROJECT_NAME.app/Contents/Info\" CFBundleShortVersionString)\nBUNDLE_VERSION=$(defaults read \"$BUILT_PRODUCTS_DIR/$PROJECT_NAME.app/Contents/Info\" CFBundleVersion)\nDOWNLOAD_BASE_URL=\"http://sourceforge.net/projects/xmds/files/\"\nRELEASENOTES_URL=\"http://www.xmds.org/release-notes.html#version-$VERSION\"\n\nARCHIVE_FILENAME=\"$PROJECT_NAME-$VERSION-osx.zip\"\nDOWNLOAD_URL=\"$DOWNLOAD_BASE_URL/$ARCHIVE_FILENAME/download\"\nKEYCHAIN_PRIVKEY_NAME=\"XMDS Sparkle Private Key\"\n\nWD=$PWD\ncd \"$BUILT_PRODUCTS_DIR\"\nrm -f \"$PROJECT_NAME\"*.zip\nditto -ck --keepParent \"$PROJECT_NAME.app\" \"$ARCHIVE_FILENAME\"\n\nSIZE=$(stat -f %z \"$ARCHIVE_FILENAME\")\nPUBDATE=$(LC_TIME=en_US date +\"%a, %d %b %G %T %z\")\nSIGNATURE=$(\nopenssl dgst -sha1 -binary < \"$ARCHIVE_FILENAME\" \\\n| openssl dgst -dss1 -sign <(security find-generic-password -g -s \"$KEYCHAIN_PRIVKEY_NAME\" 2>&1 1>/dev/null | perl -pe '($_) = /(-----BEGIN DSA PRIVATE KEY-----.+-----END DSA PRIVATE KEY-----)/; s/\\\\012/\\n/g') \\\n| openssl enc -base64\n)\n\n[ $SIGNATURE ] || { echo Unable to load signing private key with name \"'$KEYCHAIN_PRIVKEY_NAME'\" from keychain; false; }\n\ncat > ${WD}/appcast/appcast-${VERSION}.xml <<EOF\n<item>\n    <title>XMDS $VERSION</title>\n    <sparkle:releaseNotesLink>$RELEASENOTES_URL</sparkle:releaseNotesLink>\n    <pubDate>$PUBDATE</pubDate>\n    <enclosure\n        url=\"$DOWNLOAD_URL\"\n        sparkle:version=\"$BUNDLE_VERSION\"\n        sparkle:shortVersionString=\"$VERSION\"\n        type=\"application/octet-stream\"\n        length=\"$SIZE\"\n        sparkle:dsaSignature=\"$SIGNATURE\"\n    />\n</item>\nEOF\n\necho scp \"'$BUILT_PRODUCTS_DIR/$ARCHIVE_FILENAME'\" frs.sf.net:/home/frs/project/x/xm/xmds/\n\necho \"Merge $WD/appcast/appcast-${VERSION}.xml into $WD/appcast/appcast.xml, then:\"\necho scp -r \"$WD/appcast/*\" web.sf.net:/home/project-web/xmds/htdocs";
			showEnvVarsInLog = 0;
		};
/* End PBXShellScriptBuildPhase section */

/* Begin PBXSourcesBuildPhase section */
		BF7AF2B714BC308B00B08CA3 /* Sources */ = {
			isa = PBXSourcesBuildPhase;
			buildActionMask = 2147483647;
			files = (
				BF7AF2CC14BC308B00B08CA3 /* main.m in Sources */,
				BF7AF2D314BC308B00B08CA3 /* XMDSAppDelegate.m in Sources */,
				BF810E1214C12D670092F337 /* XMDSUpdateWindowController.m in Sources */,
				BF46541014C3CDFD002630C7 /* XMDSReleaseNotesWindowController.m in Sources */,
			);
			runOnlyForDeploymentPostprocessing = 0;
		};
/* End PBXSourcesBuildPhase section */

/* Begin PBXTargetDependency section */
		BF7AF35014BEF53F00B08CA3 /* PBXTargetDependency */ = {
			isa = PBXTargetDependency;
			target = BF7AF2BA14BC308B00B08CA3 /* XMDS */;
			targetProxy = BF7AF34F14BEF53F00B08CA3 /* PBXContainerItemProxy */;
		};
		BFE55A0314BFF15000F840CF /* PBXTargetDependency */ = {
			isa = PBXTargetDependency;
			name = Sparkle;
			targetProxy = BFE55A0214BFF15000F840CF /* PBXContainerItemProxy */;
		};
/* End PBXTargetDependency section */

/* Begin PBXVariantGroup section */
		BF6BE620151B428900BFED21 /* Credits.html */ = {
			isa = PBXVariantGroup;
			children = (
				BF6BE621151B428900BFED21 /* en */,
			);
			name = Credits.html;
			sourceTree = "<group>";
		};
		BF7AF2C814BC308B00B08CA3 /* InfoPlist.strings */ = {
			isa = PBXVariantGroup;
			children = (
				BF7AF2C914BC308B00B08CA3 /* en */,
			);
			name = InfoPlist.strings;
			sourceTree = "<group>";
		};
		BF7AF2D414BC308B00B08CA3 /* MainMenu.xib */ = {
			isa = PBXVariantGroup;
			children = (
				BF7AF2D514BC308B00B08CA3 /* en */,
			);
			name = MainMenu.xib;
			sourceTree = "<group>";
		};
/* End PBXVariantGroup section */

/* Begin XCBuildConfiguration section */
		BF7AF2D714BC308B00B08CA3 /* Debug */ = {
			isa = XCBuildConfiguration;
			buildSettings = {
				ALWAYS_SEARCH_USER_PATHS = NO;
				ARCHS = "$(ARCHS_STANDARD_32_64_BIT)";
				COPY_PHASE_STRIP = NO;
				GCC_C_LANGUAGE_STANDARD = gnu99;
				GCC_DYNAMIC_NO_PIC = NO;
				GCC_ENABLE_OBJC_EXCEPTIONS = YES;
				GCC_OPTIMIZATION_LEVEL = 0;
				GCC_PREPROCESSOR_DEFINITIONS = (
					"DEBUG=1",
					"$(inherited)",
				);
				GCC_SYMBOLS_PRIVATE_EXTERN = NO;
				GCC_VERSION = com.apple.compilers.llvm.clang.1_0;
				GCC_WARN_64_TO_32_BIT_CONVERSION = YES;
				GCC_WARN_ABOUT_MISSING_PROTOTYPES = YES;
				GCC_WARN_ABOUT_RETURN_TYPE = YES;
				GCC_WARN_UNUSED_VARIABLE = YES;
				MACOSX_DEPLOYMENT_TARGET = 10.5;
				ONLY_ACTIVE_ARCH = YES;
				SDKROOT = macosx;
			};
			name = Debug;
		};
		BF7AF2D814BC308B00B08CA3 /* Release */ = {
			isa = XCBuildConfiguration;
			buildSettings = {
				ALWAYS_SEARCH_USER_PATHS = NO;
				ARCHS = "$(ARCHS_STANDARD_32_64_BIT)";
				COPY_PHASE_STRIP = YES;
				DEBUG_INFORMATION_FORMAT = "dwarf-with-dsym";
				GCC_C_LANGUAGE_STANDARD = gnu99;
				GCC_ENABLE_OBJC_EXCEPTIONS = YES;
				GCC_VERSION = com.apple.compilers.llvm.clang.1_0;
				GCC_WARN_64_TO_32_BIT_CONVERSION = YES;
				GCC_WARN_ABOUT_MISSING_PROTOTYPES = YES;
				GCC_WARN_ABOUT_RETURN_TYPE = YES;
				GCC_WARN_UNUSED_VARIABLE = YES;
				MACOSX_DEPLOYMENT_TARGET = 10.5;
				SDKROOT = macosx;
			};
			name = Release;
		};
		BF7AF2DA14BC308B00B08CA3 /* Debug */ = {
			isa = XCBuildConfiguration;
			buildSettings = {
				ARCHS = "$(ARCHS_STANDARD_32_64_BIT)";
				COMBINE_HIDPI_IMAGES = YES;
				GCC_PRECOMPILE_PREFIX_HEADER = YES;
				GCC_PREFIX_HEADER = "XMDS/XMDS-Prefix.pch";
				INFOPLIST_FILE = "XMDS/XMDS-Info.plist";
				PRODUCT_NAME = "$(TARGET_NAME)";
				WRAPPER_EXTENSION = app;
			};
			name = Debug;
		};
		BF7AF2DB14BC308B00B08CA3 /* Release */ = {
			isa = XCBuildConfiguration;
			buildSettings = {
				ARCHS = "$(ARCHS_STANDARD_32_64_BIT)";
				COMBINE_HIDPI_IMAGES = YES;
				GCC_PRECOMPILE_PREFIX_HEADER = YES;
				GCC_PREFIX_HEADER = "XMDS/XMDS-Prefix.pch";
				INFOPLIST_FILE = "XMDS/XMDS-Info.plist";
				PRODUCT_NAME = "$(TARGET_NAME)";
				WRAPPER_EXTENSION = app;
			};
			name = Release;
		};
		BF7AF34D14BEF53600B08CA3 /* Debug */ = {
			isa = XCBuildConfiguration;
			buildSettings = {
				COMBINE_HIDPI_IMAGES = YES;
				PRODUCT_NAME = "$(TARGET_NAME)";
			};
			name = Debug;
		};
		BF7AF34E14BEF53600B08CA3 /* Release */ = {
			isa = XCBuildConfiguration;
			buildSettings = {
				COMBINE_HIDPI_IMAGES = YES;
				PRODUCT_NAME = "$(TARGET_NAME)";
			};
			name = Release;
		};
/* End XCBuildConfiguration section */

/* Begin XCConfigurationList section */
		BF7AF2B514BC308B00B08CA3 /* Build configuration list for PBXProject "XMDS" */ = {
			isa = XCConfigurationList;
			buildConfigurations = (
				BF7AF2D714BC308B00B08CA3 /* Debug */,
				BF7AF2D814BC308B00B08CA3 /* Release */,
			);
			defaultConfigurationIsVisible = 0;
			defaultConfigurationName = Release;
		};
		BF7AF2D914BC308B00B08CA3 /* Build configuration list for PBXNativeTarget "XMDS" */ = {
			isa = XCConfigurationList;
			buildConfigurations = (
				BF7AF2DA14BC308B00B08CA3 /* Debug */,
				BF7AF2DB14BC308B00B08CA3 /* Release */,
			);
			defaultConfigurationIsVisible = 0;
			defaultConfigurationName = Release;
		};
		BF7AF34C14BEF53600B08CA3 /* Build configuration list for PBXAggregateTarget "Distribute" */ = {
			isa = XCConfigurationList;
			buildConfigurations = (
				BF7AF34D14BEF53600B08CA3 /* Debug */,
				BF7AF34E14BEF53600B08CA3 /* Release */,
			);
			defaultConfigurationIsVisible = 0;
			defaultConfigurationName = Release;
		};
/* End XCConfigurationList section */
	};
	rootObject = BF7AF2B214BC308B00B08CA3 /* Project object */;
}
